schema: '2.0'
stages:
  get_data:
    cmd: python3 src/get_data.py
    deps:
    - path: data/external/a1_RestaurantReviews_HistoricDump.tsv
      md5: 102f1f4193e0bdebdd6cce7f13e0a839
      size: 54686
    - path: src/get_data.py
      md5: 9ccadb9f07f9389d380259259e7abf4b
      size: 692
    outs:
    - path: data/raw/train_dataset.csv
      md5: 098f672ad137b32db26f7f400bc72a52
      size: 55284
  preprocess:
    cmd: python3 src/data_preprocessing.py
    deps:
    - path: data/raw/train_dataset.csv
      md5: 098f672ad137b32db26f7f400bc72a52
      size: 55284
    - path: src/data_preprocessing.py
      md5: 3f148ebc42e5d56def4c5887458f6c90
      size: 1613
    outs:
    - path: data/processed/c1_BoW_Sentiment_Model.pkl
      md5: 03d91ee1b15b36e905d1268e5898d855
      size: 402
    - path: data/processed/pre_processed_dataset.joblib
      md5: 243212bb05cce5e3fdc72bfd2826d329
      size: 31612
  train:
    cmd: python3 src/train.py
    deps:
    - path: data/processed/c1_BoW_Sentiment_Model.pkl
      md5: 03d91ee1b15b36e905d1268e5898d855
      size: 402
    - path: data/processed/pre_processed_dataset.joblib
      md5: 243212bb05cce5e3fdc72bfd2826d329
      size: 31612
    - path: data/raw/train_dataset.csv
      md5: 098f672ad137b32db26f7f400bc72a52
      size: 55284
    - path: src/train.py
      md5: 450d8748892ac88db7e9de73d7c207bc
      size: 1301
    outs:
    - path: data/processed/XY_data.joblib
      md5: 5a5fc8b7674ebdbcf0cd16626526e7cc
      size: 10231634
    - path: models/c2_Classifier_Sentiment_Model
      md5: 2d5a3a7cc92e92406be4edf52dd19be0
      size: 46215
  evaluate:
    cmd: python3 src/evaluate.py
    deps:
    - path: data/processed/XY_data.joblib
      md5: 5a5fc8b7674ebdbcf0cd16626526e7cc
      size: 10231634
    - path: models/c2_Classifier_Sentiment_Model
      md5: 2d5a3a7cc92e92406be4edf52dd19be0
      size: 46215
    - path: src/evaluate.py
      md5: b7ee960a7a39150473ec751f749c7dfe
      size: 773
    outs:
    - path: data/output/model_accuracy.json
      md5: cd6f5fb4cb9281088914cac59ba8be5c
      size: 32
