schema: '2.0'
stages:
  get_data:
    cmd: python3 src/get_data.py
    deps:
    - path: data/external/a1_RestaurantReviews_HistoricDump.tsv
      md5: 102f1f4193e0bdebdd6cce7f13e0a839
      size: 54686
    - path: src/get_data.py
      md5: 9b89e8b6c4cd81ff7e037f01a737cd75
      size: 1068
    outs:
    - path: data/raw/train_dataset.csv
      md5: 098f672ad137b32db26f7f400bc72a52
      size: 55284
  preprocess:
    cmd: python3 src/data_preprocessing.py
    deps:
    - path: data/raw/train_dataset.csv
      md5: 098f672ad137b32db26f7f400bc72a52
      size: 55284
    - path: src/data_preprocessing.py
      md5: 2eb53c2a6f7583f1bb0da522b67031b0
      size: 846
    outs:
    - path: data/processed/c1_BoW_Sentiment_Model.joblib
      md5: 03d91ee1b15b36e905d1268e5898d855
      size: 402
    - path: data/processed/pre_processed_dataset.joblib
      md5: 243212bb05cce5e3fdc72bfd2826d329
      size: 31612
  train:
    cmd: python3 src/train.py
    deps:
    - path: data/processed/c1_BoW_Sentiment_Model.joblib
      md5: 03d91ee1b15b36e905d1268e5898d855
      size: 402
    - path: data/processed/pre_processed_dataset.joblib
      md5: 243212bb05cce5e3fdc72bfd2826d329
      size: 31612
    - path: data/raw/train_dataset.csv
      md5: 098f672ad137b32db26f7f400bc72a52
      size: 55284
    - path: src/train.py
      md5: dc75e8f6c7f0d07fddf13d53bb0c672b
      size: 2005
    outs:
    - path: data/processed/XY_data.joblib
      md5: 9dedc7e02d2ef8027a5ecfec9572baa7
      size: 10231586
    - path: models/c2_Classifier_Sentiment_Model
      md5: 6df4985593dace3468f027fe106a3eb7
      size: 12353795
  evaluate:
    cmd: python3 src/evaluate.py
    deps:
    - path: data/processed/XY_data.joblib
      md5: 9dedc7e02d2ef8027a5ecfec9572baa7
      size: 10231586
    - path: models/c2_Classifier_Sentiment_Model
      md5: 6df4985593dace3468f027fe106a3eb7
      size: 12353795
    - path: src/evaluate.py
      md5: f410d7f63dc5ecd4aef2b78dd41a94ea
      size: 1758
    outs:
    - path: data/output/model_metrics.json
      md5: f1197a9073a081871d4ef90b6b45884e
      size: 211
